
Microsoft Visual Studio Solution File, Format Version 12.00
# Visual Studio Version 17
VisualStudioVersion = 17.3.32811.315
MinimumVisualStudioVersion = 10.0.40219.1
Project("{FAE04EC0-301F-11D3-BF4B-00C04F79EFBC}") = "SnakeGameHeroGameEmil", "SnakeGameHeroGameEmil\SnakeGameHeroGameEmil.csproj", "{99384E88-AB8B-42D6-99B3-9F54B843903A}"
EndProject
Global
	GlobalSection(SolutionConfigurationPlatforms) = preSolution
		Debug|Any CPU = Debug|Any CPU
		Release|Any CPU = Release|Any CPU
	EndGlobalSection
	GlobalSection(ProjectConfigurationPlatforms) = postSolution
		{99384E88-AB8B-42D6-99B3-9F54B843903A}.Debug|Any CPU.ActiveCfg = Debug|Any CPU
		{99384E88-AB8B-42D6-99B3-9F54B843903A}.Debug|Any CPU.Build.0 = Debug|Any CPU
		{99384E88-AB8B-42D6-99B3-9F54B843903A}.Release|Any CPU.ActiveCfg = Release|Any CPU
		{99384E88-AB8B-42D6-99B3-9F54B843903A}.Release|Any CPU.Build.0 = Release|Any CPU
	EndGlobalSection
	GlobalSection(SolutionProperties) = preSolution
		HideSolutionNode = FALSE
	EndGlobalSection
	GlobalSection(ExtensibilityGlobals) = postSolution
		SolutionGuid = {4973DA0D-7AC4-4262-8EAE-824CED7F3604}
	EndGlobalSection
EndGlobal
